# THIS IS AN AUTOGENERATED FILE. DO NOT EDIT THIS FILE DIRECTLY.
# yarn lockfile v1


"@pulsejs/core@^3.3.9":
  version "3.3.9"
  resolved "https://registry.yarnpkg.com/@pulsejs/core/-/core-3.3.9.tgz#c87721be4f637e30816d64426b617d9a7e5cc661"
  integrity sha512-9Gt1YfL4LbtDAwNpKfzDUotpbkiEScwezd1Z39MN13dwi+Qq47FopJJ2qbmeL+00PiOS2Z7qoQJdef0mEM00UQ==
