# THIS IS AN AUTOGENERATED FILE. DO NOT EDIT THIS FILE DIRECTLY.
# yarn lockfile v1


"@pulsejs/core@latest":
  version "3.5.8"
  resolved "https://registry.yarnpkg.com/@pulsejs/core/-/core-3.5.8.tgz#63a2212d3d5dd37d72e8296ceefe2a5242fb7832"
  integrity sha512-EClwlMR/1xEUHMlHpF+QS8+4CKd+ZLzxNxpWL/r/02LvgrRlLexOsWvQ+ji7G7ygDCRNc5gLQXBf1K3f8PHWYA==
